
Microsoft Visual Studio Solution File, Format Version 12.00
# Visual Studio Version 16
VisualStudioVersion = 16.0.31624.102
MinimumVisualStudioVersion = 10.0.40219.1
Project("{FAE04EC0-301F-11D3-BF4B-00C04F79EFBC}") = "MiWS", "MiWS\MiWS.csproj", "{DE9C3B88-DB83-4CE2-B023-85DE4BF02FE9}"
EndProject
Project("{FAE04EC0-301F-11D3-BF4B-00C04F79EFBC}") = "ClienteWS", "ClienteWS\ClienteWS.csproj", "{E2ED75F3-2FBD-4D43-9091-780F889550D5}"
	ProjectSection(ProjectDependencies) = postProject
		{DE9C3B88-DB83-4CE2-B023-85DE4BF02FE9} = {DE9C3B88-DB83-4CE2-B023-85DE4BF02FE9}
	EndProjectSection
EndProject
Project("{FAE04EC0-301F-11D3-BF4B-00C04F79EFBC}") = "Model", "Model\Model.csproj", "{A9B1E936-06C8-4B7C-A51D-E0D8982853E4}"
EndProject
Project("{FAE04EC0-301F-11D3-BF4B-00C04F79EFBC}") = "DAL", "DAL\DAL.csproj", "{986CB098-59E7-4C8E-9642-905B06073D7F}"
EndProject
Global
	GlobalSection(SolutionConfigurationPlatforms) = preSolution
		Debug|Any CPU = Debug|Any CPU
		Release|Any CPU = Release|Any CPU
	EndGlobalSection
	GlobalSection(ProjectConfigurationPlatforms) = postSolution
		{DE9C3B88-DB83-4CE2-B023-85DE4BF02FE9}.Debug|Any CPU.ActiveCfg = Debug|Any CPU
		{DE9C3B88-DB83-4CE2-B023-85DE4BF02FE9}.Debug|Any CPU.Build.0 = Debug|Any CPU
		{DE9C3B88-DB83-4CE2-B023-85DE4BF02FE9}.Release|Any CPU.ActiveCfg = Release|Any CPU
		{DE9C3B88-DB83-4CE2-B023-85DE4BF02FE9}.Release|Any CPU.Build.0 = Release|Any CPU
		{E2ED75F3-2FBD-4D43-9091-780F889550D5}.Debug|Any CPU.ActiveCfg = Debug|Any CPU
		{E2ED75F3-2FBD-4D43-9091-780F889550D5}.Debug|Any CPU.Build.0 = Debug|Any CPU
		{E2ED75F3-2FBD-4D43-9091-780F889550D5}.Release|Any CPU.ActiveCfg = Release|Any CPU
		{E2ED75F3-2FBD-4D43-9091-780F889550D5}.Release|Any CPU.Build.0 = Release|Any CPU
		{A9B1E936-06C8-4B7C-A51D-E0D8982853E4}.Debug|Any CPU.ActiveCfg = Debug|Any CPU
		{A9B1E936-06C8-4B7C-A51D-E0D8982853E4}.Debug|Any CPU.Build.0 = Debug|Any CPU
		{A9B1E936-06C8-4B7C-A51D-E0D8982853E4}.Release|Any CPU.ActiveCfg = Release|Any CPU
		{A9B1E936-06C8-4B7C-A51D-E0D8982853E4}.Release|Any CPU.Build.0 = Release|Any CPU
		{986CB098-59E7-4C8E-9642-905B06073D7F}.Debug|Any CPU.ActiveCfg = Debug|Any CPU
		{986CB098-59E7-4C8E-9642-905B06073D7F}.Debug|Any CPU.Build.0 = Debug|Any CPU
		{986CB098-59E7-4C8E-9642-905B06073D7F}.Release|Any CPU.ActiveCfg = Release|Any CPU
		{986CB098-59E7-4C8E-9642-905B06073D7F}.Release|Any CPU.Build.0 = Release|Any CPU
	EndGlobalSection
	GlobalSection(SolutionProperties) = preSolution
		HideSolutionNode = FALSE
	EndGlobalSection
	GlobalSection(ExtensibilityGlobals) = postSolution
		SolutionGuid = {2E1781C6-89B6-47BB-8213-1CDFBD5BAD1C}
	EndGlobalSection
EndGlobal
